
Microsoft Visual Studio Solution File, Format Version 12.00
# Visual Studio 15
VisualStudioVersion = 15.0.28307.572
MinimumVisualStudioVersion = 10.0.40219.1
Project("{FAE04EC0-301F-11D3-BF4B-00C04F79EFBC}") = "P_Evaluativa_1", "P_Evaluativa_1\P_Evaluativa_1.csproj", "{D2744D28-B01D-4F6A-9401-2A3068115BEC}"
EndProject
Global
	GlobalSection(SolutionConfigurationPlatforms) = preSolution
		Debug|Any CPU = Debug|Any CPU
		Release|Any CPU = Release|Any CPU
	EndGlobalSection
	GlobalSection(ProjectConfigurationPlatforms) = postSolution
		{D2744D28-B01D-4F6A-9401-2A3068115BEC}.Debug|Any CPU.ActiveCfg = Debug|Any CPU
		{D2744D28-B01D-4F6A-9401-2A3068115BEC}.Debug|Any CPU.Build.0 = Debug|Any CPU
		{D2744D28-B01D-4F6A-9401-2A3068115BEC}.Release|Any CPU.ActiveCfg = Release|Any CPU
		{D2744D28-B01D-4F6A-9401-2A3068115BEC}.Release|Any CPU.Build.0 = Release|Any CPU
	EndGlobalSection
	GlobalSection(SolutionProperties) = preSolution
		HideSolutionNode = FALSE
	EndGlobalSection
	GlobalSection(ExtensibilityGlobals) = postSolution
		SolutionGuid = {7F552E6C-6F6C-4741-B7FB-3BD3266662D9}
	EndGlobalSection
EndGlobal
